// !$*UTF8*$!
{
	archiveVersion = 1;
	classes = {
	};
	objectVersion = 46;
	objects = {

/* Begin PBXBuildFile section */
		527E7A7619883E9D00D210A9 /* eventModel.xcdatamodeld in Sources */ = {isa = PBXBuildFile; fileRef = 527E7A7419883E9D00D210A9 /* eventModel.xcdatamodeld */; };
		527E7A7F1988427200D210A9 /* EventViewController.m in Sources */ = {isa = PBXBuildFile; fileRef = 527E7A7E1988427200D210A9 /* EventViewController.m */; };
		527E7A821988445E00D210A9 /* EventTableViewCell.m in Sources */ = {isa = PBXBuildFile; fileRef = 527E7A811988445E00D210A9 /* EventTableViewCell.m */; };
		527E7A8519884B7E00D210A9 /* EventDetailViewController.m in Sources */ = {isa = PBXBuildFile; fileRef = 527E7A8419884B7E00D210A9 /* EventDetailViewController.m */; };
		527E7A8819886F0400D210A9 /* AddEventViewController.m in Sources */ = {isa = PBXBuildFile; fileRef = 527E7A8719886F0400D210A9 /* AddEventViewController.m */; };
		527E7A8A1988A2F100D210A9 /* MapKit.framework in Frameworks */ = {isa = PBXBuildFile; fileRef = 527E7A891988A2F100D210A9 /* MapKit.framework */; };
		527E7A8D1988A6A600D210A9 /* EventMapViewController.m in Sources */ = {isa = PBXBuildFile; fileRef = 527E7A8C1988A6A600D210A9 /* EventMapViewController.m */; };
		527E7A901988AE3D00D210A9 /* Event.m in Sources */ = {isa = PBXBuildFile; fileRef = 527E7A8F1988AE3D00D210A9 /* Event.m */; };
		527E7A931988CAB700D210A9 /* EventPin.m in Sources */ = {isa = PBXBuildFile; fileRef = 527E7A921988CAB700D210A9 /* EventPin.m */; };
		527E7A961989AC4200D210A9 /* EventItem.m in Sources */ = {isa = PBXBuildFile; fileRef = 527E7A951989AC4200D210A9 /* EventItem.m */; };
		527E7A99198B832B00D210A9 /* AutocompletionTableView.m in Sources */ = {isa = PBXBuildFile; fileRef = 527E7A98198B832A00D210A9 /* AutocompletionTableView.m */; };
		527E7A9C198B901800D210A9 /* LocationSerachViewController.m in Sources */ = {isa = PBXBuildFile; fileRef = 527E7A9B198B901800D210A9 /* LocationSerachViewController.m */; };
		52C9F1DC198C1EDF00BC8D98 /* MMLocationManager.m in Sources */ = {isa = PBXBuildFile; fileRef = 52C9F1DB198C1EDF00BC8D98 /* MMLocationManager.m */; };
		FA459AD7198549F500063A20 /* ReplyTableViewCell.m in Sources */ = {isa = PBXBuildFile; fileRef = FA459AD6198549F500063A20 /* ReplyTableViewCell.m */; };
		FA459ADA19855B5D00063A20 /* NewPostViewController.m in Sources */ = {isa = PBXBuildFile; fileRef = FA459AD919855B5D00063A20 /* NewPostViewController.m */; };
		FA459ADD198574B500063A20 /* TeamTableViewCell.m in Sources */ = {isa = PBXBuildFile; fileRef = FA459ADC198574B500063A20 /* TeamTableViewCell.m */; };
		FA459AE01985826800063A20 /* TeamDetailViewController.m in Sources */ = {isa = PBXBuildFile; fileRef = FA459ADF1985826800063A20 /* TeamDetailViewController.m */; };
		FA459AE51985C8CE00063A20 /* Parse.framework in Frameworks */ = {isa = PBXBuildFile; fileRef = FA459AE41985C8CE00063A20 /* Parse.framework */; };
		FA459AE71985C90600063A20 /* AudioToolbox.framework in Frameworks */ = {isa = PBXBuildFile; fileRef = FA459AE61985C90600063A20 /* AudioToolbox.framework */; };
		FA459AE91985C91100063A20 /* CFNetwork.framework in Frameworks */ = {isa = PBXBuildFile; fileRef = FA459AE81985C91100063A20 /* CFNetwork.framework */; };
		FA459AEB1985C92200063A20 /* CoreLocation.framework in Frameworks */ = {isa = PBXBuildFile; fileRef = FA459AEA1985C92200063A20 /* CoreLocation.framework */; };
		FA459AED1985C92C00063A20 /* libz.dylib in Frameworks */ = {isa = PBXBuildFile; fileRef = FA459AEC1985C92C00063A20 /* libz.dylib */; };
		FA459AEF1985C93700063A20 /* MobileCoreServices.framework in Frameworks */ = {isa = PBXBuildFile; fileRef = FA459AEE1985C93700063A20 /* MobileCoreServices.framework */; };
		FA459AF11985C94100063A20 /* QuartzCore.framework in Frameworks */ = {isa = PBXBuildFile; fileRef = FA459AF01985C94100063A20 /* QuartzCore.framework */; };
		FA459AF31985C94A00063A20 /* Security.framework in Frameworks */ = {isa = PBXBuildFile; fileRef = FA459AF21985C94A00063A20 /* Security.framework */; };
		FA459AF51985C95200063A20 /* StoreKit.framework in Frameworks */ = {isa = PBXBuildFile; fileRef = FA459AF41985C95200063A20 /* StoreKit.framework */; };
		FA459AF71985C95C00063A20 /* SystemConfiguration.framework in Frameworks */ = {isa = PBXBuildFile; fileRef = FA459AF61985C95C00063A20 /* SystemConfiguration.framework */; };
		FA7D41E71981C3F800B78F6A /* SignUpViewController.m in Sources */ = {isa = PBXBuildFile; fileRef = FA7D41E61981C3F800B78F6A /* SignUpViewController.m */; };
		FA7D41EA1981EE5A00B78F6A /* HomeViewController.m in Sources */ = {isa = PBXBuildFile; fileRef = FA7D41E91981EE5A00B78F6A /* HomeViewController.m */; };
		FA7D41F41981F92300B78F6A /* TeamViewController.m in Sources */ = {isa = PBXBuildFile; fileRef = FA7D41F31981F92300B78F6A /* TeamViewController.m */; };
		FA7D41F71981F96500B78F6A /* DiscussionViewController.m in Sources */ = {isa = PBXBuildFile; fileRef = FA7D41F61981F96500B78F6A /* DiscussionViewController.m */; };
		FA7D41FA1981F97800B78F6A /* ProfileViewController.m in Sources */ = {isa = PBXBuildFile; fileRef = FA7D41F91981F97800B78F6A /* ProfileViewController.m */; };
		FA7D41FD198362E300B78F6A /* DiscussionTableViewCell.m in Sources */ = {isa = PBXBuildFile; fileRef = FA7D41FC198362E300B78F6A /* DiscussionTableViewCell.m */; };
		FA7D4200198410AE00B78F6A /* DiscussionDetailViewController.m in Sources */ = {isa = PBXBuildFile; fileRef = FA7D41FF198410AE00B78F6A /* DiscussionDetailViewController.m */; };
		FA7D4203198411C200B78F6A /* AddReplyViewController.m in Sources */ = {isa = PBXBuildFile; fileRef = FA7D4202198411C200B78F6A /* AddReplyViewController.m */; };
		FAB381FF1981701500D405E0 /* Foundation.framework in Frameworks */ = {isa = PBXBuildFile; fileRef = FAB381FE1981701500D405E0 /* Foundation.framework */; };
		FAB382011981701500D405E0 /* CoreGraphics.framework in Frameworks */ = {isa = PBXBuildFile; fileRef = FAB382001981701500D405E0 /* CoreGraphics.framework */; };
		FAB382031981701500D405E0 /* UIKit.framework in Frameworks */ = {isa = PBXBuildFile; fileRef = FAB382021981701500D405E0 /* UIKit.framework */; };
		FAB382091981701500D405E0 /* InfoPlist.strings in Resources */ = {isa = PBXBuildFile; fileRef = FAB382071981701500D405E0 /* InfoPlist.strings */; };
		FAB3820B1981701500D405E0 /* main.m in Sources */ = {isa = PBXBuildFile; fileRef = FAB3820A1981701500D405E0 /* main.m */; };
		FAB3820F1981701500D405E0 /* SBAppDelegate.m in Sources */ = {isa = PBXBuildFile; fileRef = FAB3820E1981701500D405E0 /* SBAppDelegate.m */; };
		FAB382121981701500D405E0 /* Main.storyboard in Resources */ = {isa = PBXBuildFile; fileRef = FAB382101981701500D405E0 /* Main.storyboard */; };
		FAB382171981701500D405E0 /* Images.xcassets in Resources */ = {isa = PBXBuildFile; fileRef = FAB382161981701500D405E0 /* Images.xcassets */; };
		FAB3821E1981701500D405E0 /* XCTest.framework in Frameworks */ = {isa = PBXBuildFile; fileRef = FAB3821D1981701500D405E0 /* XCTest.framework */; };
		FAB3821F1981701500D405E0 /* Foundation.framework in Frameworks */ = {isa = PBXBuildFile; fileRef = FAB381FE1981701500D405E0 /* Foundation.framework */; };
		FAB382201981701500D405E0 /* UIKit.framework in Frameworks */ = {isa = PBXBuildFile; fileRef = FAB382021981701500D405E0 /* UIKit.framework */; };
		FAB382281981701500D405E0 /* InfoPlist.strings in Resources */ = {isa = PBXBuildFile; fileRef = FAB382261981701500D405E0 /* InfoPlist.strings */; };
		FAB3822A1981701500D405E0 /* sportsbuddyTests.m in Sources */ = {isa = PBXBuildFile; fileRef = FAB382291981701500D405E0 /* sportsbuddyTests.m */; };
		FAB3823B19818E7600D405E0 /* LoginViewController.m in Sources */ = {isa = PBXBuildFile; fileRef = FAB3823A19818E7600D405E0 /* LoginViewController.m */; };
/* End PBXBuildFile section */

/* Begin PBXContainerItemProxy section */
		FAB382211981701500D405E0 /* PBXContainerItemProxy */ = {
			isa = PBXContainerItemProxy;
			containerPortal = FAB381F31981701500D405E0 /* Project object */;
			proxyType = 1;
			remoteGlobalIDString = FAB381FA1981701500D405E0;
			remoteInfo = sportsbuddy;
		};
/* End PBXContainerItemProxy section */

/* Begin PBXFileReference section */
		527E7A7519883E9D00D210A9 /* eventModel.xcdatamodel */ = {isa = PBXFileReference; lastKnownFileType = wrapper.xcdatamodel; path = eventModel.xcdatamodel; sourceTree = "<group>"; };
		527E7A7D1988427200D210A9 /* EventViewController.h */ = {isa = PBXFileReference; fileEncoding = 4; lastKnownFileType = sourcecode.c.h; path = EventViewController.h; sourceTree = "<group>"; };
		527E7A7E1988427200D210A9 /* EventViewController.m */ = {isa = PBXFileReference; fileEncoding = 4; lastKnownFileType = sourcecode.c.objc; path = EventViewController.m; sourceTree = "<group>"; };
		527E7A801988445E00D210A9 /* EventTableViewCell.h */ = {isa = PBXFileReference; fileEncoding = 4; lastKnownFileType = sourcecode.c.h; path = EventTableViewCell.h; sourceTree = "<group>"; };
		527E7A811988445E00D210A9 /* EventTableViewCell.m */ = {isa = PBXFileReference; fileEncoding = 4; lastKnownFileType = sourcecode.c.objc; path = EventTableViewCell.m; sourceTree = "<group>"; };
		527E7A8319884B7E00D210A9 /* EventDetailViewController.h */ = {isa = PBXFileReference; fileEncoding = 4; lastKnownFileType = sourcecode.c.h; path = EventDetailViewController.h; sourceTree = "<group>"; };
		527E7A8419884B7E00D210A9 /* EventDetailViewController.m */ = {isa = PBXFileReference; fileEncoding = 4; lastKnownFileType = sourcecode.c.objc; path = EventDetailViewController.m; sourceTree = "<group>"; };
		527E7A8619886F0400D210A9 /* AddEventViewController.h */ = {isa = PBXFileReference; fileEncoding = 4; lastKnownFileType = sourcecode.c.h; path = AddEventViewController.h; sourceTree = "<group>"; };
		527E7A8719886F0400D210A9 /* AddEventViewController.m */ = {isa = PBXFileReference; fileEncoding = 4; lastKnownFileType = sourcecode.c.objc; path = AddEventViewController.m; sourceTree = "<group>"; };
		527E7A891988A2F100D210A9 /* MapKit.framework */ = {isa = PBXFileReference; lastKnownFileType = wrapper.framework; name = MapKit.framework; path = System/Library/Frameworks/MapKit.framework; sourceTree = SDKROOT; };
		527E7A8B1988A6A600D210A9 /* EventMapViewController.h */ = {isa = PBXFileReference; fileEncoding = 4; lastKnownFileType = sourcecode.c.h; path = EventMapViewController.h; sourceTree = "<group>"; };
		527E7A8C1988A6A600D210A9 /* EventMapViewController.m */ = {isa = PBXFileReference; fileEncoding = 4; lastKnownFileType = sourcecode.c.objc; path = EventMapViewController.m; sourceTree = "<group>"; };
		527E7A8E1988AE3D00D210A9 /* Event.h */ = {isa = PBXFileReference; fileEncoding = 4; lastKnownFileType = sourcecode.c.h; path = Event.h; sourceTree = "<group>"; };
		527E7A8F1988AE3D00D210A9 /* Event.m */ = {isa = PBXFileReference; fileEncoding = 4; lastKnownFileType = sourcecode.c.objc; path = Event.m; sourceTree = "<group>"; };
		527E7A911988CAB700D210A9 /* EventPin.h */ = {isa = PBXFileReference; fileEncoding = 4; lastKnownFileType = sourcecode.c.h; path = EventPin.h; sourceTree = "<group>"; };
		527E7A921988CAB700D210A9 /* EventPin.m */ = {isa = PBXFileReference; fileEncoding = 4; lastKnownFileType = sourcecode.c.objc; path = EventPin.m; sourceTree = "<group>"; };
		527E7A941989AC4200D210A9 /* EventItem.h */ = {isa = PBXFileReference; fileEncoding = 4; lastKnownFileType = sourcecode.c.h; path = EventItem.h; sourceTree = "<group>"; };
		527E7A951989AC4200D210A9 /* EventItem.m */ = {isa = PBXFileReference; fileEncoding = 4; lastKnownFileType = sourcecode.c.objc; path = EventItem.m; sourceTree = "<group>"; };
		527E7A97198B832A00D210A9 /* AutocompletionTableView.h */ = {isa = PBXFileReference; fileEncoding = 4; lastKnownFileType = sourcecode.c.h; path = AutocompletionTableView.h; sourceTree = "<group>"; };
		527E7A98198B832A00D210A9 /* AutocompletionTableView.m */ = {isa = PBXFileReference; fileEncoding = 4; lastKnownFileType = sourcecode.c.objc; path = AutocompletionTableView.m; sourceTree = "<group>"; };
		527E7A9A198B901800D210A9 /* LocationSerachViewController.h */ = {isa = PBXFileReference; fileEncoding = 4; lastKnownFileType = sourcecode.c.h; path = LocationSerachViewController.h; sourceTree = "<group>"; };
		527E7A9B198B901800D210A9 /* LocationSerachViewController.m */ = {isa = PBXFileReference; fileEncoding = 4; lastKnownFileType = sourcecode.c.objc; path = LocationSerachViewController.m; sourceTree = "<group>"; };
		52C9F1DA198C1EDF00BC8D98 /* MMLocationManager.h */ = {isa = PBXFileReference; fileEncoding = 4; lastKnownFileType = sourcecode.c.h; path = MMLocationManager.h; sourceTree = "<group>"; };
		52C9F1DB198C1EDF00BC8D98 /* MMLocationManager.m */ = {isa = PBXFileReference; fileEncoding = 4; lastKnownFileType = sourcecode.c.objc; path = MMLocationManager.m; sourceTree = "<group>"; };
		FA459AD5198549F500063A20 /* ReplyTableViewCell.h */ = {isa = PBXFileReference; fileEncoding = 4; lastKnownFileType = sourcecode.c.h; path = ReplyTableViewCell.h; sourceTree = "<group>"; };
		FA459AD6198549F500063A20 /* ReplyTableViewCell.m */ = {isa = PBXFileReference; fileEncoding = 4; lastKnownFileType = sourcecode.c.objc; path = ReplyTableViewCell.m; sourceTree = "<group>"; };
		FA459AD819855B5D00063A20 /* NewPostViewController.h */ = {isa = PBXFileReference; fileEncoding = 4; lastKnownFileType = sourcecode.c.h; path = NewPostViewController.h; sourceTree = "<group>"; };
		FA459AD919855B5D00063A20 /* NewPostViewController.m */ = {isa = PBXFileReference; fileEncoding = 4; lastKnownFileType = sourcecode.c.objc; path = NewPostViewController.m; sourceTree = "<group>"; };
		FA459ADB198574B500063A20 /* TeamTableViewCell.h */ = {isa = PBXFileReference; fileEncoding = 4; lastKnownFileType = sourcecode.c.h; path = TeamTableViewCell.h; sourceTree = "<group>"; };
		FA459ADC198574B500063A20 /* TeamTableViewCell.m */ = {isa = PBXFileReference; fileEncoding = 4; lastKnownFileType = sourcecode.c.objc; path = TeamTableViewCell.m; sourceTree = "<group>"; };
		FA459ADE1985826800063A20 /* TeamDetailViewController.h */ = {isa = PBXFileReference; fileEncoding = 4; lastKnownFileType = sourcecode.c.h; path = TeamDetailViewController.h; sourceTree = "<group>"; };
		FA459ADF1985826800063A20 /* TeamDetailViewController.m */ = {isa = PBXFileReference; fileEncoding = 4; lastKnownFileType = sourcecode.c.objc; path = TeamDetailViewController.m; sourceTree = "<group>"; };
		FA459AE41985C8CE00063A20 /* Parse.framework */ = {isa = PBXFileReference; lastKnownFileType = wrapper.framework; path = Parse.framework; sourceTree = "<group>"; };
		FA459AE61985C90600063A20 /* AudioToolbox.framework */ = {isa = PBXFileReference; lastKnownFileType = wrapper.framework; name = AudioToolbox.framework; path = System/Library/Frameworks/AudioToolbox.framework; sourceTree = SDKROOT; };
		FA459AE81985C91100063A20 /* CFNetwork.framework */ = {isa = PBXFileReference; lastKnownFileType = wrapper.framework; name = CFNetwork.framework; path = System/Library/Frameworks/CFNetwork.framework; sourceTree = SDKROOT; };
		FA459AEA1985C92200063A20 /* CoreLocation.framework */ = {isa = PBXFileReference; lastKnownFileType = wrapper.framework; name = CoreLocation.framework; path = System/Library/Frameworks/CoreLocation.framework; sourceTree = SDKROOT; };
		FA459AEC1985C92C00063A20 /* libz.dylib */ = {isa = PBXFileReference; lastKnownFileType = "compiled.mach-o.dylib"; name = libz.dylib; path = usr/lib/libz.dylib; sourceTree = SDKROOT; };
		FA459AEE1985C93700063A20 /* MobileCoreServices.framework */ = {isa = PBXFileReference; lastKnownFileType = wrapper.framework; name = MobileCoreServices.framework; path = System/Library/Frameworks/MobileCoreServices.framework; sourceTree = SDKROOT; };
		FA459AF01985C94100063A20 /* QuartzCore.framework */ = {isa = PBXFileReference; lastKnownFileType = wrapper.framework; name = QuartzCore.framework; path = System/Library/Frameworks/QuartzCore.framework; sourceTree = SDKROOT; };
		FA459AF21985C94A00063A20 /* Security.framework */ = {isa = PBXFileReference; lastKnownFileType = wrapper.framework; name = Security.framework; path = System/Library/Frameworks/Security.framework; sourceTree = SDKROOT; };
		FA459AF41985C95200063A20 /* StoreKit.framework */ = {isa = PBXFileReference; lastKnownFileType = wrapper.framework; name = StoreKit.framework; path = System/Library/Frameworks/StoreKit.framework; sourceTree = SDKROOT; };
		FA459AF61985C95C00063A20 /* SystemConfiguration.framework */ = {isa = PBXFileReference; lastKnownFileType = wrapper.framework; name = SystemConfiguration.framework; path = System/Library/Frameworks/SystemConfiguration.framework; sourceTree = SDKROOT; };
		FA7D41E51981C3F800B78F6A /* SignUpViewController.h */ = {isa = PBXFileReference; fileEncoding = 4; lastKnownFileType = sourcecode.c.h; path = SignUpViewController.h; sourceTree = "<group>"; };
		FA7D41E61981C3F800B78F6A /* SignUpViewController.m */ = {isa = PBXFileReference; fileEncoding = 4; lastKnownFileType = sourcecode.c.objc; path = SignUpViewController.m; sourceTree = "<group>"; };
		FA7D41E81981EE5A00B78F6A /* HomeViewController.h */ = {isa = PBXFileReference; fileEncoding = 4; lastKnownFileType = sourcecode.c.h; path = HomeViewController.h; sourceTree = "<group>"; };
		FA7D41E91981EE5A00B78F6A /* HomeViewController.m */ = {isa = PBXFileReference; fileEncoding = 4; lastKnownFileType = sourcecode.c.objc; path = HomeViewController.m; sourceTree = "<group>"; };
		FA7D41F21981F92300B78F6A /* TeamViewController.h */ = {isa = PBXFileReference; fileEncoding = 4; lastKnownFileType = sourcecode.c.h; path = TeamViewController.h; sourceTree = "<group>"; };
		FA7D41F31981F92300B78F6A /* TeamViewController.m */ = {isa = PBXFileReference; fileEncoding = 4; lastKnownFileType = sourcecode.c.objc; path = TeamViewController.m; sourceTree = "<group>"; };
		FA7D41F51981F96500B78F6A /* DiscussionViewController.h */ = {isa = PBXFileReference; fileEncoding = 4; lastKnownFileType = sourcecode.c.h; path = DiscussionViewController.h; sourceTree = "<group>"; };
		FA7D41F61981F96500B78F6A /* DiscussionViewController.m */ = {isa = PBXFileReference; fileEncoding = 4; lastKnownFileType = sourcecode.c.objc; path = DiscussionViewController.m; sourceTree = "<group>"; };
		FA7D41F81981F97800B78F6A /* ProfileViewController.h */ = {isa = PBXFileReference; fileEncoding = 4; lastKnownFileType = sourcecode.c.h; path = ProfileViewController.h; sourceTree = "<group>"; };
		FA7D41F91981F97800B78F6A /* ProfileViewController.m */ = {isa = PBXFileReference; fileEncoding = 4; lastKnownFileType = sourcecode.c.objc; path = ProfileViewController.m; sourceTree = "<group>"; };
		FA7D41FB198362E300B78F6A /* DiscussionTableViewCell.h */ = {isa = PBXFileReference; fileEncoding = 4; lastKnownFileType = sourcecode.c.h; path = DiscussionTableViewCell.h; sourceTree = "<group>"; };
		FA7D41FC198362E300B78F6A /* DiscussionTableViewCell.m */ = {isa = PBXFileReference; fileEncoding = 4; lastKnownFileType = sourcecode.c.objc; path = DiscussionTableViewCell.m; sourceTree = "<group>"; };
		FA7D41FE198410AE00B78F6A /* DiscussionDetailViewController.h */ = {isa = PBXFileReference; fileEncoding = 4; lastKnownFileType = sourcecode.c.h; path = DiscussionDetailViewController.h; sourceTree = "<group>"; };
		FA7D41FF198410AE00B78F6A /* DiscussionDetailViewController.m */ = {isa = PBXFileReference; fileEncoding = 4; lastKnownFileType = sourcecode.c.objc; path = DiscussionDetailViewController.m; sourceTree = "<group>"; };
		FA7D4201198411C200B78F6A /* AddReplyViewController.h */ = {isa = PBXFileReference; fileEncoding = 4; lastKnownFileType = sourcecode.c.h; path = AddReplyViewController.h; sourceTree = "<group>"; };
		FA7D4202198411C200B78F6A /* AddReplyViewController.m */ = {isa = PBXFileReference; fileEncoding = 4; lastKnownFileType = sourcecode.c.objc; path = AddReplyViewController.m; sourceTree = "<group>"; };
		FAB381FB1981701500D405E0 /* sportsbuddy.app */ = {isa = PBXFileReference; explicitFileType = wrapper.application; includeInIndex = 0; path = sportsbuddy.app; sourceTree = BUILT_PRODUCTS_DIR; };
		FAB381FE1981701500D405E0 /* Foundation.framework */ = {isa = PBXFileReference; lastKnownFileType = wrapper.framework; name = Foundation.framework; path = System/Library/Frameworks/Foundation.framework; sourceTree = SDKROOT; };
		FAB382001981701500D405E0 /* CoreGraphics.framework */ = {isa = PBXFileReference; lastKnownFileType = wrapper.framework; name = CoreGraphics.framework; path = System/Library/Frameworks/CoreGraphics.framework; sourceTree = SDKROOT; };
		FAB382021981701500D405E0 /* UIKit.framework */ = {isa = PBXFileReference; lastKnownFileType = wrapper.framework; name = UIKit.framework; path = System/Library/Frameworks/UIKit.framework; sourceTree = SDKROOT; };
		FAB382061981701500D405E0 /* sportsbuddy-Info.plist */ = {isa = PBXFileReference; lastKnownFileType = text.plist.xml; path = "sportsbuddy-Info.plist"; sourceTree = "<group>"; };
		FAB382081981701500D405E0 /* en */ = {isa = PBXFileReference; lastKnownFileType = text.plist.strings; name = en; path = en.lproj/InfoPlist.strings; sourceTree = "<group>"; };
		FAB3820A1981701500D405E0 /* main.m */ = {isa = PBXFileReference; lastKnownFileType = sourcecode.c.objc; path = main.m; sourceTree = "<group>"; };
		FAB3820C1981701500D405E0 /* sportsbuddy-Prefix.pch */ = {isa = PBXFileReference; lastKnownFileType = sourcecode.c.h; path = "sportsbuddy-Prefix.pch"; sourceTree = "<group>"; };
		FAB3820D1981701500D405E0 /* SBAppDelegate.h */ = {isa = PBXFileReference; lastKnownFileType = sourcecode.c.h; path = SBAppDelegate.h; sourceTree = "<group>"; };
		FAB3820E1981701500D405E0 /* SBAppDelegate.m */ = {isa = PBXFileReference; lastKnownFileType = sourcecode.c.objc; path = SBAppDelegate.m; sourceTree = "<group>"; };
		FAB382111981701500D405E0 /* Base */ = {isa = PBXFileReference; lastKnownFileType = file.storyboard; name = Base; path = Base.lproj/Main.storyboard; sourceTree = "<group>"; };
		FAB382161981701500D405E0 /* Images.xcassets */ = {isa = PBXFileReference; lastKnownFileType = folder.assetcatalog; name = Images.xcassets; path = sportsbuddy/Images.xcassets; sourceTree = "<group>"; };
		FAB3821C1981701500D405E0 /* sportsbuddyTests.xctest */ = {isa = PBXFileReference; explicitFileType = wrapper.cfbundle; includeInIndex = 0; path = sportsbuddyTests.xctest; sourceTree = BUILT_PRODUCTS_DIR; };
		FAB3821D1981701500D405E0 /* XCTest.framework */ = {isa = PBXFileReference; lastKnownFileType = wrapper.framework; name = XCTest.framework; path = Library/Frameworks/XCTest.framework; sourceTree = DEVELOPER_DIR; };
		FAB382251981701500D405E0 /* sportsbuddyTests-Info.plist */ = {isa = PBXFileReference; lastKnownFileType = text.plist.xml; path = "sportsbuddyTests-Info.plist"; sourceTree = "<group>"; };
		FAB382271981701500D405E0 /* en */ = {isa = PBXFileReference; lastKnownFileType = text.plist.strings; name = en; path = en.lproj/InfoPlist.strings; sourceTree = "<group>"; };
		FAB382291981701500D405E0 /* sportsbuddyTests.m */ = {isa = PBXFileReference; lastKnownFileType = sourcecode.c.objc; path = sportsbuddyTests.m; sourceTree = "<group>"; };
		FAB3823919818E7600D405E0 /* LoginViewController.h */ = {isa = PBXFileReference; fileEncoding = 4; lastKnownFileType = sourcecode.c.h; path = LoginViewController.h; sourceTree = "<group>"; };
		FAB3823A19818E7600D405E0 /* LoginViewController.m */ = {isa = PBXFileReference; fileEncoding = 4; lastKnownFileType = sourcecode.c.objc; path = LoginViewController.m; sourceTree = "<group>"; };
/* End PBXFileReference section */

/* Begin PBXFrameworksBuildPhase section */
		FAB381F81981701500D405E0 /* Frameworks */ = {
			isa = PBXFrameworksBuildPhase;
			buildActionMask = 2147483647;
			files = (
				FA459AEB1985C92200063A20 /* CoreLocation.framework in Frameworks */,
				527E7A8A1988A2F100D210A9 /* MapKit.framework in Frameworks */,
				FA459AF71985C95C00063A20 /* SystemConfiguration.framework in Frameworks */,
				FA459AF51985C95200063A20 /* StoreKit.framework in Frameworks */,
				FA459AF31985C94A00063A20 /* Security.framework in Frameworks */,
				FA459AF11985C94100063A20 /* QuartzCore.framework in Frameworks */,
				FA459AEF1985C93700063A20 /* MobileCoreServices.framework in Frameworks */,
				FA459AED1985C92C00063A20 /* libz.dylib in Frameworks */,
				FAB382011981701500D405E0 /* CoreGraphics.framework in Frameworks */,
				FA459AE91985C91100063A20 /* CFNetwork.framework in Frameworks */,
				FA459AE71985C90600063A20 /* AudioToolbox.framework in Frameworks */,
				FAB382031981701500D405E0 /* UIKit.framework in Frameworks */,
				FA459AE51985C8CE00063A20 /* Parse.framework in Frameworks */,
				FAB381FF1981701500D405E0 /* Foundation.framework in Frameworks */,
			);
			runOnlyForDeploymentPostprocessing = 0;
		};
		FAB382191981701500D405E0 /* Frameworks */ = {
			isa = PBXFrameworksBuildPhase;
			buildActionMask = 2147483647;
			files = (
				FAB3821E1981701500D405E0 /* XCTest.framework in Frameworks */,
				FAB382201981701500D405E0 /* UIKit.framework in Frameworks */,
				FAB3821F1981701500D405E0 /* Foundation.framework in Frameworks */,
			);
			runOnlyForDeploymentPostprocessing = 0;
		};
/* End PBXFrameworksBuildPhase section */

/* Begin PBXGroup section */
		FA7D41EB1981EE6A00B78F6A /* Model-CZ */ = {
			isa = PBXGroup;
			children = (
				52C9F1DA198C1EDF00BC8D98 /* MMLocationManager.h */,
				52C9F1DB198C1EDF00BC8D98 /* MMLocationManager.m */,
				527E7A97198B832A00D210A9 /* AutocompletionTableView.h */,
				527E7A98198B832A00D210A9 /* AutocompletionTableView.m */,
				527E7A801988445E00D210A9 /* EventTableViewCell.h */,
				527E7A811988445E00D210A9 /* EventTableViewCell.m */,
				527E7A8E1988AE3D00D210A9 /* Event.h */,
				527E7A8F1988AE3D00D210A9 /* Event.m */,
				527E7A941989AC4200D210A9 /* EventItem.h */,
				527E7A951989AC4200D210A9 /* EventItem.m */,
				527E7A911988CAB700D210A9 /* EventPin.h */,
				527E7A921988CAB700D210A9 /* EventPin.m */,
				527E7A7419883E9D00D210A9 /* eventModel.xcdatamodeld */,
			);
			name = "Model-CZ";
			sourceTree = "<group>";
		};
		FAB381F21981701500D405E0 = {
			isa = PBXGroup;
			children = (
				FAB382041981701500D405E0 /* sportsbuddy */,
				FAB382231981701500D405E0 /* sportsbuddyTests */,
				FAB381FD1981701500D405E0 /* Frameworks */,
				FAB381FC1981701500D405E0 /* Products */,
			);
			sourceTree = "<group>";
		};
		FAB381FC1981701500D405E0 /* Products */ = {
			isa = PBXGroup;
			children = (
				FAB381FB1981701500D405E0 /* sportsbuddy.app */,
				FAB3821C1981701500D405E0 /* sportsbuddyTests.xctest */,
			);
			name = Products;
			sourceTree = "<group>";
		};
		FAB381FD1981701500D405E0 /* Frameworks */ = {
			isa = PBXGroup;
			children = (
				527E7A891988A2F100D210A9 /* MapKit.framework */,
				FA459AF61985C95C00063A20 /* SystemConfiguration.framework */,
				FA459AF41985C95200063A20 /* StoreKit.framework */,
				FA459AF21985C94A00063A20 /* Security.framework */,
				FA459AF01985C94100063A20 /* QuartzCore.framework */,
				FA459AEE1985C93700063A20 /* MobileCoreServices.framework */,
				FA459AEC1985C92C00063A20 /* libz.dylib */,
				FA459AEA1985C92200063A20 /* CoreLocation.framework */,
				FA459AE81985C91100063A20 /* CFNetwork.framework */,
				FA459AE61985C90600063A20 /* AudioToolbox.framework */,
				FA459AE41985C8CE00063A20 /* Parse.framework */,
				FAB381FE1981701500D405E0 /* Foundation.framework */,
				FAB382001981701500D405E0 /* CoreGraphics.framework */,
				FAB382021981701500D405E0 /* UIKit.framework */,
				FAB3821D1981701500D405E0 /* XCTest.framework */,
			);
			name = Frameworks;
			sourceTree = "<group>";
		};
		FAB382041981701500D405E0 /* sportsbuddy */ = {
			isa = PBXGroup;
			children = (
				FA7D41EB1981EE6A00B78F6A /* Model-CZ */,
				FAB382351981708F00D405E0 /* Model-WS */,
				FAB382341981708000D405E0 /* Controller */,
				FAB382331981705500D405E0 /* View */,
				FAB382051981701500D405E0 /* Supporting Files */,
			);
			path = sportsbuddy;
			sourceTree = "<group>";
		};
		FAB382051981701500D405E0 /* Supporting Files */ = {
			isa = PBXGroup;
			children = (
				FAB3820D1981701500D405E0 /* SBAppDelegate.h */,
				FAB3820E1981701500D405E0 /* SBAppDelegate.m */,
				FAB382061981701500D405E0 /* sportsbuddy-Info.plist */,
				FAB382071981701500D405E0 /* InfoPlist.strings */,
				FAB3820A1981701500D405E0 /* main.m */,
				FAB3820C1981701500D405E0 /* sportsbuddy-Prefix.pch */,
			);
			name = "Supporting Files";
			sourceTree = "<group>";
		};
		FAB382231981701500D405E0 /* sportsbuddyTests */ = {
			isa = PBXGroup;
			children = (
				FAB382291981701500D405E0 /* sportsbuddyTests.m */,
				FAB382241981701500D405E0 /* Supporting Files */,
			);
			path = sportsbuddyTests;
			sourceTree = "<group>";
		};
		FAB382241981701500D405E0 /* Supporting Files */ = {
			isa = PBXGroup;
			children = (
				FAB382251981701500D405E0 /* sportsbuddyTests-Info.plist */,
				FAB382261981701500D405E0 /* InfoPlist.strings */,
			);
			name = "Supporting Files";
			sourceTree = "<group>";
		};
		FAB382331981705500D405E0 /* View */ = {
			isa = PBXGroup;
			children = (
				FAB382101981701500D405E0 /* Main.storyboard */,
				FAB382161981701500D405E0 /* Images.xcassets */,
			);
			name = View;
			path = ..;
			sourceTree = "<group>";
		};
		FAB382341981708000D405E0 /* Controller */ = {
			isa = PBXGroup;
			children = (
				527E7A8B1988A6A600D210A9 /* EventMapViewController.h */,
				527E7A8C1988A6A600D210A9 /* EventMapViewController.m */,
				527E7A9A198B901800D210A9 /* LocationSerachViewController.h */,
				527E7A9B198B901800D210A9 /* LocationSerachViewController.m */,
				527E7A8619886F0400D210A9 /* AddEventViewController.h */,
				527E7A8719886F0400D210A9 /* AddEventViewController.m */,
				527E7A8319884B7E00D210A9 /* EventDetailViewController.h */,
				527E7A8419884B7E00D210A9 /* EventDetailViewController.m */,
				527E7A7D1988427200D210A9 /* EventViewController.h */,
				527E7A7E1988427200D210A9 /* EventViewController.m */,
				FA7D41FE198410AE00B78F6A /* DiscussionDetailViewController.h */,
				FA7D41FF198410AE00B78F6A /* DiscussionDetailViewController.m */,
				FA7D41E81981EE5A00B78F6A /* HomeViewController.h */,
				FA7D41E91981EE5A00B78F6A /* HomeViewController.m */,
				FAB3823919818E7600D405E0 /* LoginViewController.h */,
				FAB3823A19818E7600D405E0 /* LoginViewController.m */,
				FA7D41E51981C3F800B78F6A /* SignUpViewController.h */,
				FA7D41E61981C3F800B78F6A /* SignUpViewController.m */,
				FA7D41F21981F92300B78F6A /* TeamViewController.h */,
				FA7D41F31981F92300B78F6A /* TeamViewController.m */,
				FA7D41F51981F96500B78F6A /* DiscussionViewController.h */,
				FA7D41F61981F96500B78F6A /* DiscussionViewController.m */,
				FA7D41F81981F97800B78F6A /* ProfileViewController.h */,
				FA7D41F91981F97800B78F6A /* ProfileViewController.m */,
				FA7D4201198411C200B78F6A /* AddReplyViewController.h */,
				FA7D4202198411C200B78F6A /* AddReplyViewController.m */,
				FA459AD819855B5D00063A20 /* NewPostViewController.h */,
				FA459AD919855B5D00063A20 /* NewPostViewController.m */,
				FA459ADE1985826800063A20 /* TeamDetailViewController.h */,
				FA459ADF1985826800063A20 /* TeamDetailViewController.m */,
			);
			name = Controller;
			sourceTree = "<group>";
		};
		FAB382351981708F00D405E0 /* Model-WS */ = {
			isa = PBXGroup;
			children = (
				FA7D41FB198362E300B78F6A /* DiscussionTableViewCell.h */,
				FA7D41FC198362E300B78F6A /* DiscussionTableViewCell.m */,
				FA459AD5198549F500063A20 /* ReplyTableViewCell.h */,
				FA459AD6198549F500063A20 /* ReplyTableViewCell.m */,
				FA459ADB198574B500063A20 /* TeamTableViewCell.h */,
				FA459ADC198574B500063A20 /* TeamTableViewCell.m */,
			);
			name = "Model-WS";
			sourceTree = "<group>";
		};
/* End PBXGroup section */

/* Begin PBXNativeTarget section */
		FAB381FA1981701500D405E0 /* sportsbuddy */ = {
			isa = PBXNativeTarget;
			buildConfigurationList = FAB3822D1981701500D405E0 /* Build configuration list for PBXNativeTarget "sportsbuddy" */;
			buildPhases = (
				FAB381F71981701500D405E0 /* Sources */,
				FAB381F81981701500D405E0 /* Frameworks */,
				FAB381F91981701500D405E0 /* Resources */,
			);
			buildRules = (
			);
			dependencies = (
			);
			name = sportsbuddy;
			productName = sportsbuddy;
			productReference = FAB381FB1981701500D405E0 /* sportsbuddy.app */;
			productType = "com.apple.product-type.application";
		};
		FAB3821B1981701500D405E0 /* sportsbuddyTests */ = {
			isa = PBXNativeTarget;
			buildConfigurationList = FAB382301981701500D405E0 /* Build configuration list for PBXNativeTarget "sportsbuddyTests" */;
			buildPhases = (
				FAB382181981701500D405E0 /* Sources */,
				FAB382191981701500D405E0 /* Frameworks */,
				FAB3821A1981701500D405E0 /* Resources */,
			);
			buildRules = (
			);
			dependencies = (
				FAB382221981701500D405E0 /* PBXTargetDependency */,
			);
			name = sportsbuddyTests;
			productName = sportsbuddyTests;
			productReference = FAB3821C1981701500D405E0 /* sportsbuddyTests.xctest */;
			productType = "com.apple.product-type.bundle.unit-test";
		};
/* End PBXNativeTarget section */

/* Begin PBXProject section */
		FAB381F31981701500D405E0 /* Project object */ = {
			isa = PBXProject;
			attributes = {
				CLASSPREFIX = SB;
				LastUpgradeCheck = 0510;
				ORGANIZATIONNAME = Carnegie_Mellon;
				TargetAttributes = {
					FAB3821B1981701500D405E0 = {
						TestTargetID = FAB381FA1981701500D405E0;
					};
				};
			};
			buildConfigurationList = FAB381F61981701500D405E0 /* Build configuration list for PBXProject "sportsbuddy" */;
			compatibilityVersion = "Xcode 3.2";
			developmentRegion = English;
			hasScannedForEncodings = 0;
			knownRegions = (
				en,
				Base,
			);
			mainGroup = FAB381F21981701500D405E0;
			productRefGroup = FAB381FC1981701500D405E0 /* Products */;
			projectDirPath = "";
			projectRoot = "";
			targets = (
				FAB381FA1981701500D405E0 /* sportsbuddy */,
				FAB3821B1981701500D405E0 /* sportsbuddyTests */,
			);
		};
/* End PBXProject section */

/* Begin PBXResourcesBuildPhase section */
		FAB381F91981701500D405E0 /* Resources */ = {
			isa = PBXResourcesBuildPhase;
			buildActionMask = 2147483647;
			files = (
				FAB382171981701500D405E0 /* Images.xcassets in Resources */,
				FAB382091981701500D405E0 /* InfoPlist.strings in Resources */,
				FAB382121981701500D405E0 /* Main.storyboard in Resources */,
			);
			runOnlyForDeploymentPostprocessing = 0;
		};
		FAB3821A1981701500D405E0 /* Resources */ = {
			isa = PBXResourcesBuildPhase;
			buildActionMask = 2147483647;
			files = (
				FAB382281981701500D405E0 /* InfoPlist.strings in Resources */,
			);
			runOnlyForDeploymentPostprocessing = 0;
		};
/* End PBXResourcesBuildPhase section */

/* Begin PBXSourcesBuildPhase section */
		FAB381F71981701500D405E0 /* Sources */ = {
			isa = PBXSourcesBuildPhase;
			buildActionMask = 2147483647;
			files = (
				527E7A901988AE3D00D210A9 /* Event.m in Sources */,
				FAB3820B1981701500D405E0 /* main.m in Sources */,
				527E7A99198B832B00D210A9 /* AutocompletionTableView.m in Sources */,
				FA7D4203198411C200B78F6A /* AddReplyViewController.m in Sources */,
				52C9F1DC198C1EDF00BC8D98 /* MMLocationManager.m in Sources */,
				527E7A7619883E9D00D210A9 /* eventModel.xcdatamodeld in Sources */,
				527E7A7F1988427200D210A9 /* EventViewController.m in Sources */,
				FA7D41F41981F92300B78F6A /* TeamViewController.m in Sources */,
				527E7A821988445E00D210A9 /* EventTableViewCell.m in Sources */,
				527E7A961989AC4200D210A9 /* EventItem.m in Sources */,
				527E7A8519884B7E00D210A9 /* EventDetailViewController.m in Sources */,
				FA7D41FA1981F97800B78F6A /* ProfileViewController.m in Sources */,
				527E7A9C198B901800D210A9 /* LocationSerachViewController.m in Sources */,
				527E7A8819886F0400D210A9 /* AddEventViewController.m in Sources */,
				FA459ADA19855B5D00063A20 /* NewPostViewController.m in Sources */,
				527E7A8D1988A6A600D210A9 /* EventMapViewController.m in Sources */,
				FA7D41F71981F96500B78F6A /* DiscussionViewController.m in Sources */,
				FAB3820F1981701500D405E0 /* SBAppDelegate.m in Sources */,
				FA7D41FD198362E300B78F6A /* DiscussionTableViewCell.m in Sources */,
				527E7A931988CAB700D210A9 /* EventPin.m in Sources */,
				FA7D4200198410AE00B78F6A /* DiscussionDetailViewController.m in Sources */,
				FA7D41E71981C3F800B78F6A /* SignUpViewController.m in Sources */,
				FA459AE01985826800063A20 /* TeamDetailViewController.m in Sources */,
				FA459ADD198574B500063A20 /* TeamTableViewCell.m in Sources */,
				FA7D41EA1981EE5A00B78F6A /* HomeViewController.m in Sources */,
				FA459AD7198549F500063A20 /* ReplyTableViewCell.m in Sources */,
				FAB3823B19818E7600D405E0 /* LoginViewController.m in Sources */,
			);
			runOnlyForDeploymentPostprocessing = 0;
		};
		FAB382181981701500D405E0 /* Sources */ = {
			isa = PBXSourcesBuildPhase;
			buildActionMask = 2147483647;
			files = (
				FAB3822A1981701500D405E0 /* sportsbuddyTests.m in Sources */,
			);
			runOnlyForDeploymentPostprocessing = 0;
		};
/* End PBXSourcesBuildPhase section */

/* Begin PBXTargetDependency section */
		FAB382221981701500D405E0 /* PBXTargetDependency */ = {
			isa = PBXTargetDependency;
			target = FAB381FA1981701500D405E0 /* sportsbuddy */;
			targetProxy = FAB382211981701500D405E0 /* PBXContainerItemProxy */;
		};
/* End PBXTargetDependency section */

/* Begin PBXVariantGroup section */
		FAB382071981701500D405E0 /* InfoPlist.strings */ = {
			isa = PBXVariantGroup;
			children = (
				FAB382081981701500D405E0 /* en */,
			);
			name = InfoPlist.strings;
			sourceTree = "<group>";
		};
		FAB382101981701500D405E0 /* Main.storyboard */ = {
			isa = PBXVariantGroup;
			children = (
				FAB382111981701500D405E0 /* Base */,
			);
			name = Main.storyboard;
			path = sportsbuddy;
			sourceTree = "<group>";
		};
		FAB382261981701500D405E0 /* InfoPlist.strings */ = {
			isa = PBXVariantGroup;
			children = (
				FAB382271981701500D405E0 /* en */,
			);
			name = InfoPlist.strings;
			sourceTree = "<group>";
		};
/* End PBXVariantGroup section */

/* Begin XCBuildConfiguration section */
		FAB3822B1981701500D405E0 /* Debug */ = {
			isa = XCBuildConfiguration;
			buildSettings = {
				ALWAYS_SEARCH_USER_PATHS = NO;
				CLANG_CXX_LANGUAGE_STANDARD = "gnu++0x";
				CLANG_CXX_LIBRARY = "libc++";
				CLANG_ENABLE_MODULES = YES;
				CLANG_ENABLE_OBJC_ARC = YES;
				CLANG_WARN_BOOL_CONVERSION = YES;
				CLANG_WARN_CONSTANT_CONVERSION = YES;
				CLANG_WARN_DIRECT_OBJC_ISA_USAGE = YES_ERROR;
				CLANG_WARN_EMPTY_BODY = YES;
				CLANG_WARN_ENUM_CONVERSION = YES;
				CLANG_WARN_INT_CONVERSION = YES;
				CLANG_WARN_OBJC_ROOT_CLASS = YES_ERROR;
				CLANG_WARN__DUPLICATE_METHOD_MATCH = YES;
				"CODE_SIGN_IDENTITY[sdk=iphoneos*]" = "iPhone Developer";
				COPY_PHASE_STRIP = NO;
				GCC_C_LANGUAGE_STANDARD = gnu99;
				GCC_DYNAMIC_NO_PIC = NO;
				GCC_OPTIMIZATION_LEVEL = 0;
				GCC_PREPROCESSOR_DEFINITIONS = (
					"DEBUG=1",
					"$(inherited)",
				);
				GCC_SYMBOLS_PRIVATE_EXTERN = NO;
				GCC_WARN_64_TO_32_BIT_CONVERSION = YES;
				GCC_WARN_ABOUT_RETURN_TYPE = YES_ERROR;
				GCC_WARN_UNDECLARED_SELECTOR = YES;
				GCC_WARN_UNINITIALIZED_AUTOS = YES_AGGRESSIVE;
				GCC_WARN_UNUSED_FUNCTION = YES;
				GCC_WARN_UNUSED_VARIABLE = YES;
				IPHONEOS_DEPLOYMENT_TARGET = 7.1;
				ONLY_ACTIVE_ARCH = YES;
				SDKROOT = iphoneos;
			};
			name = Debug;
		};
		FAB3822C1981701500D405E0 /* Release */ = {
			isa = XCBuildConfiguration;
			buildSettings = {
				ALWAYS_SEARCH_USER_PATHS = NO;
				CLANG_CXX_LANGUAGE_STANDARD = "gnu++0x";
				CLANG_CXX_LIBRARY = "libc++";
				CLANG_ENABLE_MODULES = YES;
				CLANG_ENABLE_OBJC_ARC = YES;
				CLANG_WARN_BOOL_CONVERSION = YES;
				CLANG_WARN_CONSTANT_CONVERSION = YES;
				CLANG_WARN_DIRECT_OBJC_ISA_USAGE = YES_ERROR;
				CLANG_WARN_EMPTY_BODY = YES;
				CLANG_WARN_ENUM_CONVERSION = YES;
				CLANG_WARN_INT_CONVERSION = YES;
				CLANG_WARN_OBJC_ROOT_CLASS = YES_ERROR;
				CLANG_WARN__DUPLICATE_METHOD_MATCH = YES;
				"CODE_SIGN_IDENTITY[sdk=iphoneos*]" = "iPhone Developer";
				COPY_PHASE_STRIP = YES;
				ENABLE_NS_ASSERTIONS = NO;
				GCC_C_LANGUAGE_STANDARD = gnu99;
				GCC_WARN_64_TO_32_BIT_CONVERSION = YES;
				GCC_WARN_ABOUT_RETURN_TYPE = YES_ERROR;
				GCC_WARN_UNDECLARED_SELECTOR = YES;
				GCC_WARN_UNINITIALIZED_AUTOS = YES_AGGRESSIVE;
				GCC_WARN_UNUSED_FUNCTION = YES;
				GCC_WARN_UNUSED_VARIABLE = YES;
				IPHONEOS_DEPLOYMENT_TARGET = 7.1;
				SDKROOT = iphoneos;
				VALIDATE_PRODUCT = YES;
			};
			name = Release;
		};
		FAB3822E1981701500D405E0 /* Debug */ = {
			isa = XCBuildConfiguration;
			buildSettings = {
				ASSETCATALOG_COMPILER_APPICON_NAME = AppIcon;
				ASSETCATALOG_COMPILER_LAUNCHIMAGE_NAME = LaunchImage;
				FRAMEWORK_SEARCH_PATHS = (
					"$(inherited)",
					"$(PROJECT_DIR)",
				);
				GCC_PRECOMPILE_PREFIX_HEADER = YES;
				GCC_PREFIX_HEADER = "sportsbuddy/sportsbuddy-Prefix.pch";
				INFOPLIST_FILE = "sportsbuddy/sportsbuddy-Info.plist";
				PRODUCT_NAME = "$(TARGET_NAME)";
				WRAPPER_EXTENSION = app;
			};
			name = Debug;
		};
		FAB3822F1981701500D405E0 /* Release */ = {
			isa = XCBuildConfiguration;
			buildSettings = {
				ASSETCATALOG_COMPILER_APPICON_NAME = AppIcon;
				ASSETCATALOG_COMPILER_LAUNCHIMAGE_NAME = LaunchImage;
				FRAMEWORK_SEARCH_PATHS = (
					"$(inherited)",
					"$(PROJECT_DIR)",
				);
				GCC_PRECOMPILE_PREFIX_HEADER = YES;
				GCC_PREFIX_HEADER = "sportsbuddy/sportsbuddy-Prefix.pch";
				INFOPLIST_FILE = "sportsbuddy/sportsbuddy-Info.plist";
				PRODUCT_NAME = "$(TARGET_NAME)";
				WRAPPER_EXTENSION = app;
			};
			name = Release;
		};
		FAB382311981701500D405E0 /* Debug */ = {
			isa = XCBuildConfiguration;
			buildSettings = {
				BUNDLE_LOADER = "$(BUILT_PRODUCTS_DIR)/sportsbuddy.app/sportsbuddy";
				FRAMEWORK_SEARCH_PATHS = (
					"$(SDKROOT)/Developer/Library/Frameworks",
					"$(inherited)",
					"$(DEVELOPER_FRAMEWORKS_DIR)",
				);
				GCC_PRECOMPILE_PREFIX_HEADER = YES;
				GCC_PREFIX_HEADER = "sportsbuddy/sportsbuddy-Prefix.pch";
				GCC_PREPROCESSOR_DEFINITIONS = (
					"DEBUG=1",
					"$(inherited)",
				);
				INFOPLIST_FILE = "sportsbuddyTests/sportsbuddyTests-Info.plist";
				PRODUCT_NAME = "$(TARGET_NAME)";
				TEST_HOST = "$(BUNDLE_LOADER)";
				WRAPPER_EXTENSION = xctest;
			};
			name = Debug;
		};
		FAB382321981701500D405E0 /* Release */ = {
			isa = XCBuildConfiguration;
			buildSettings = {
				BUNDLE_LOADER = "$(BUILT_PRODUCTS_DIR)/sportsbuddy.app/sportsbuddy";
				FRAMEWORK_SEARCH_PATHS = (
					"$(SDKROOT)/Developer/Library/Frameworks",
					"$(inherited)",
					"$(DEVELOPER_FRAMEWORKS_DIR)",
				);
				GCC_PRECOMPILE_PREFIX_HEADER = YES;
				GCC_PREFIX_HEADER = "sportsbuddy/sportsbuddy-Prefix.pch";
				INFOPLIST_FILE = "sportsbuddyTests/sportsbuddyTests-Info.plist";
				PRODUCT_NAME = "$(TARGET_NAME)";
				TEST_HOST = "$(BUNDLE_LOADER)";
				WRAPPER_EXTENSION = xctest;
			};
			name = Release;
		};
/* End XCBuildConfiguration section */

/* Begin XCConfigurationList section */
		FAB381F61981701500D405E0 /* Build configuration list for PBXProject "sportsbuddy" */ = {
			isa = XCConfigurationList;
			buildConfigurations = (
				FAB3822B1981701500D405E0 /* Debug */,
				FAB3822C1981701500D405E0 /* Release */,
			);
			defaultConfigurationIsVisible = 0;
			defaultConfigurationName = Release;
		};
		FAB3822D1981701500D405E0 /* Build configuration list for PBXNativeTarget "sportsbuddy" */ = {
			isa = XCConfigurationList;
			buildConfigurations = (
				FAB3822E1981701500D405E0 /* Debug */,
				FAB3822F1981701500D405E0 /* Release */,
			);
			defaultConfigurationIsVisible = 0;
			defaultConfigurationName = Release;
		};
		FAB382301981701500D405E0 /* Build configuration list for PBXNativeTarget "sportsbuddyTests" */ = {
			isa = XCConfigurationList;
			buildConfigurations = (
				FAB382311981701500D405E0 /* Debug */,
				FAB382321981701500D405E0 /* Release */,
			);
			defaultConfigurationIsVisible = 0;
			defaultConfigurationName = Release;
		};
/* End XCConfigurationList section */

/* Begin XCVersionGroup section */
		527E7A7419883E9D00D210A9 /* eventModel.xcdatamodeld */ = {
			isa = XCVersionGroup;
			children = (
				527E7A7519883E9D00D210A9 /* eventModel.xcdatamodel */,
			);
			currentVersion = 527E7A7519883E9D00D210A9 /* eventModel.xcdatamodel */;
			path = eventModel.xcdatamodeld;
			sourceTree = "<group>";
			versionGroupType = wrapper.xcdatamodel;
		};
/* End XCVersionGroup section */
	};
	rootObject = FAB381F31981701500D405E0 /* Project object */;
}
